{
    "_readme": [
        "This file locks the dependencies of your project to a known state",
        "Read more about it at https://getcomposer.org/doc/01-basic-usage.md#composer-lock-the-lock-file",
        "This file is @generated automatically"
    ],
    "hash": "1c05e13bf8ec3b7dcb0fe6570b5856bf",
    "content-hash": "db7a3e99ff0d990cf9c60f468db9067f",
    "packages": [
        {
            "name": "components/jquery",
            "version": "1.12.1",
            "source": {
                "type": "git",
                "url": "https://github.com/components/jquery.git",
                "reference": "b3879795fd6fa63ef364cdf9ae6cd779d61edfb2"
            },
            "dist": {
                "type": "zip",
                "url": "https://api.github.com/repos/components/jquery/zipball/b3879795fd6fa63ef364cdf9ae6cd779d61edfb2",
                "reference": "b3879795fd6fa63ef364cdf9ae6cd779d61edfb2",
                "shasum": ""
            },
            "type": "component",
            "extra": {
                "component": {
                    "scripts": [
                        "jquery.js"
                    ],
                    "files": [
                        "jquery.min.js",
                        "jquery.min.map",
                        "jquery-migrate.js",
                        "jquery-migrate.min.js"
                    ]
                }
            },
            "notification-url": "https://packagist.org/downloads/",
            "license": [
                "MIT"
            ],
            "authors": [
                {
                    "name": "John Resig",
                    "email": "jeresig@gmail.com"
                }
            ],
            "description": "jQuery JavaScript Library",
            "homepage": "http://jquery.com",
            "time": "2016-02-24 08:51:35"
        },
        {
            "name": "puresoft/easy-lang",
            "version": "v2.1.1",
            "source": {
                "type": "git",
                "url": "https://github.com/J-TAG/easy-lang.git",
                "reference": "e5cd193bb2255ebcc543510dea3a304e8c6e5ed7"
            },
            "dist": {
                "type": "zip",
                "url": "https://api.github.com/repos/J-TAG/easy-lang/zipball/e5cd193bb2255ebcc543510dea3a304e8c6e5ed7",
                "reference": "e5cd193bb2255ebcc543510dea3a304e8c6e5ed7",
                "shasum": ""
            },
            "require": {
                "php": ">=5.4.0"
            },
            "type": "class",
            "notification-url": "https://packagist.org/downloads/",
            "license": [
                "MIT"
            ],
            "authors": [
                {
                    "name": "Hesam Gholami",
                    "email": "hesamgholami@yahoo.com",
                    "homepage": "https://hesam.org",
                    "role": "Developer"
                }
            ],
            "description": "A simple PHP class for creating pages with multiple languages",
            "homepage": "https://github.com/J-TAG/easy-lang",
            "keywords": [
                "easy",
                "i18n",
                "language",
                "localization",
                "multi-language",
                "php",
                "translate"
            ],
            "time": "2016-03-17 12:07:26"
        },
        {
            "name": "twbs/bootstrap",
            "version": "v3.3.6",
            "source": {
                "type": "git",
                "url": "https://github.com/twbs/bootstrap.git",
                "reference": "81df608a40bf0629a1dc08e584849bb1e43e0b7a"
            },
            "dist": {
                "type": "zip",
                "url": "https://api.github.com/repos/twbs/bootstrap/zipball/81df608a40bf0629a1dc08e584849bb1e43e0b7a",
                "reference": "81df608a40bf0629a1dc08e584849bb1e43e0b7a",
                "shasum": ""
            },
            "replace": {
                "twitter/bootstrap": "self.version"
            },
            "type": "library",
            "extra": {
                "branch-alias": {
                    "dev-master": "3.3.x-dev"
                }
            },
            "notification-url": "https://packagist.org/downloads/",
            "license": [
                "MIT"
            ],
            "authors": [
                {
                    "name": "Jacob Thornton",
                    "email": "jacobthornton@gmail.com"
                },
                {
                    "name": "Mark Otto",
                    "email": "markdotto@gmail.com"
                }
            ],
            "description": "The most popular front-end framework for developing responsive, mobile first projects on the web.",
            "homepage": "http://getbootstrap.com",
            "keywords": [
                "JS",
                "css",
                "framework",
                "front-end",
                "less",
                "mobile-first",
                "responsive",
                "web"
            ],
            "time": "2015-11-24 19:37:05"
        }
    ],
    "packages-dev": [],
    "aliases": [],
    "minimum-stability": "stable",
    "stability-flags": [],
    "prefer-stable": false,
    "prefer-lowest": false,
    "platform": [],
    "platform-dev": []
}
